
Microsoft Visual Studio Solution File, Format Version 12.00
# Visual Studio Version 17
VisualStudioVersion = 17.8.34525.116
MinimumVisualStudioVersion = 10.0.40219.1
Project("{8BC9CEB8-8B4A-11D0-8D11-00A0C91BC942}") = "MS32", "MS32.vcxproj", "{4BB2D5C5-C87C-403D-9777-92D0929B9D3D}"
EndProject
Global
	GlobalSection(SolutionConfigurationPlatforms) = preSolution
		Debug|x64 = Debug|x64
		Debug|x86 = Debug|x86
		Release|x64 = Release|x64
		Release|x86 = Release|x86
	EndGlobalSection
	GlobalSection(ProjectConfigurationPlatforms) = postSolution
		{4BB2D5C5-C87C-403D-9777-92D0929B9D3D}.Debug|x64.ActiveCfg = Debug|x64
		{4BB2D5C5-C87C-403D-9777-92D0929B9D3D}.Debug|x64.Build.0 = Debug|x64
		{4BB2D5C5-C87C-403D-9777-92D0929B9D3D}.Debug|x86.ActiveCfg = Debug|Win32
		{4BB2D5C5-C87C-403D-9777-92D0929B9D3D}.Debug|x86.Build.0 = Debug|Win32
		{4BB2D5C5-C87C-403D-9777-92D0929B9D3D}.Release|x64.ActiveCfg = Release|x64
		{4BB2D5C5-C87C-403D-9777-92D0929B9D3D}.Release|x64.Build.0 = Release|x64
		{4BB2D5C5-C87C-403D-9777-92D0929B9D3D}.Release|x86.ActiveCfg = Release|Win32
		{4BB2D5C5-C87C-403D-9777-92D0929B9D3D}.Release|x86.Build.0 = Release|Win32
	EndGlobalSection
	GlobalSection(SolutionProperties) = preSolution
		HideSolutionNode = FALSE
	EndGlobalSection
	GlobalSection(ExtensibilityGlobals) = postSolution
		SolutionGuid = {A7349A1C-1767-4A96-9397-0D7211EAA824}
	EndGlobalSection
EndGlobal
